
Microsoft Visual Studio Solution File, Format Version 12.00
# Visual Studio Version 16
VisualStudioVersion = 16.0.30717.126
MinimumVisualStudioVersion = 15.0.26124.0
Project("{9A19103F-16F7-4668-BE54-9A1E7A4F7556}") = "Project.Common", "Project.Common\Project.Common.csproj", "{6508D32B-4944-4074-B100-1A75AA2B1AA0}"
EndProject
Project("{9A19103F-16F7-4668-BE54-9A1E7A4F7556}") = "Project.DAL", "Project.DAL\Project.DAL.csproj", "{3ED2FAB5-1099-4393-815E-6C5FE1DC8F29}"
EndProject
Project("{9A19103F-16F7-4668-BE54-9A1E7A4F7556}") = "Project.Model", "Project.Model\Project.Model.csproj", "{A050D7FD-7E94-4B17-B98E-6371092FAE34}"
EndProject
Project("{9A19103F-16F7-4668-BE54-9A1E7A4F7556}") = "Project.Model.Common", "Project.Model.Common\Project.Model.Common.csproj", "{AD8DB1B9-F461-4473-AC29-8D384A29BBA3}"
EndProject
Project("{9A19103F-16F7-4668-BE54-9A1E7A4F7556}") = "Project.Repository", "Project.Repository\Project.Repository.csproj", "{41A6FDA1-4248-4724-84DC-6F3AE7359B97}"
EndProject
Project("{9A19103F-16F7-4668-BE54-9A1E7A4F7556}") = "Project.Repository.Common", "Project.Repository.Common\Project.Repository.Common.csproj", "{C8788253-50E2-410D-8A29-5E791F29B28F}"
EndProject
Project("{9A19103F-16F7-4668-BE54-9A1E7A4F7556}") = "Project.Repository.Tests", "Project.Repository.Tests\Project.Repository.Tests.csproj", "{4B52618E-2FDB-4CCE-973D-5F68350EDC8D}"
EndProject
Project("{9A19103F-16F7-4668-BE54-9A1E7A4F7556}") = "Project.Service", "Project.Service\Project.Service.csproj", "{AFCEB1BC-6335-4736-86FB-F7342B8D47FA}"
EndProject
Project("{9A19103F-16F7-4668-BE54-9A1E7A4F7556}") = "Project.Service.Common", "Project.Service.Common\Project.Service.Common.csproj", "{9DC4517B-8F09-4B17-AE57-AF5B72F79B2C}"
EndProject
Project("{9A19103F-16F7-4668-BE54-9A1E7A4F7556}") = "Project.WebAPI", "Project.WebAPI\Project.WebAPI.csproj", "{1E8B6C00-0875-46F0-97B8-AC5C78438CED}"
EndProject
Project("{FAE04EC0-301F-11D3-BF4B-00C04F79EFBC}") = "Project.Service.Tests", "Project.Service.Tests\Project.Service.Tests.csproj", "{9F17F08C-ED5C-4E69-BB15-CF1D5FAF20A6}"
EndProject
Project("{FAE04EC0-301F-11D3-BF4B-00C04F79EFBC}") = "Project.WebAPI.Tests", "Project.WebAPI.Tests\Project.WebAPI.Tests.csproj", "{65A77A47-74B7-46AA-B25D-970B32E1E0C7}"
EndProject
Global
	GlobalSection(SolutionConfigurationPlatforms) = preSolution
		Debug|Any CPU = Debug|Any CPU
		Debug|x64 = Debug|x64
		Debug|x86 = Debug|x86
		Release|Any CPU = Release|Any CPU
		Release|x64 = Release|x64
		Release|x86 = Release|x86
	EndGlobalSection
	GlobalSection(ProjectConfigurationPlatforms) = postSolution
		{6508D32B-4944-4074-B100-1A75AA2B1AA0}.Debug|Any CPU.ActiveCfg = Debug|Any CPU
		{6508D32B-4944-4074-B100-1A75AA2B1AA0}.Debug|Any CPU.Build.0 = Debug|Any CPU
		{6508D32B-4944-4074-B100-1A75AA2B1AA0}.Debug|x64.ActiveCfg = Debug|Any CPU
		{6508D32B-4944-4074-B100-1A75AA2B1AA0}.Debug|x64.Build.0 = Debug|Any CPU
		{6508D32B-4944-4074-B100-1A75AA2B1AA0}.Debug|x86.ActiveCfg = Debug|Any CPU
		{6508D32B-4944-4074-B100-1A75AA2B1AA0}.Debug|x86.Build.0 = Debug|Any CPU
		{6508D32B-4944-4074-B100-1A75AA2B1AA0}.Release|Any CPU.ActiveCfg = Release|Any CPU
		{6508D32B-4944-4074-B100-1A75AA2B1AA0}.Release|Any CPU.Build.0 = Release|Any CPU
		{6508D32B-4944-4074-B100-1A75AA2B1AA0}.Release|x64.ActiveCfg = Release|Any CPU
		{6508D32B-4944-4074-B100-1A75AA2B1AA0}.Release|x64.Build.0 = Release|Any CPU
		{6508D32B-4944-4074-B100-1A75AA2B1AA0}.Release|x86.ActiveCfg = Release|Any CPU
		{6508D32B-4944-4074-B100-1A75AA2B1AA0}.Release|x86.Build.0 = Release|Any CPU
		{3ED2FAB5-1099-4393-815E-6C5FE1DC8F29}.Debug|Any CPU.ActiveCfg = Debug|Any CPU
		{3ED2FAB5-1099-4393-815E-6C5FE1DC8F29}.Debug|Any CPU.Build.0 = Debug|Any CPU
		{3ED2FAB5-1099-4393-815E-6C5FE1DC8F29}.Debug|x64.ActiveCfg = Debug|Any CPU
		{3ED2FAB5-1099-4393-815E-6C5FE1DC8F29}.Debug|x64.Build.0 = Debug|Any CPU
		{3ED2FAB5-1099-4393-815E-6C5FE1DC8F29}.Debug|x86.ActiveCfg = Debug|Any CPU
		{3ED2FAB5-1099-4393-815E-6C5FE1DC8F29}.Debug|x86.Build.0 = Debug|Any CPU
		{3ED2FAB5-1099-4393-815E-6C5FE1DC8F29}.Release|Any CPU.ActiveCfg = Release|Any CPU
		{3ED2FAB5-1099-4393-815E-6C5FE1DC8F29}.Release|Any CPU.Build.0 = Release|Any CPU
		{3ED2FAB5-1099-4393-815E-6C5FE1DC8F29}.Release|x64.ActiveCfg = Release|Any CPU
		{3ED2FAB5-1099-4393-815E-6C5FE1DC8F29}.Release|x64.Build.0 = Release|Any CPU
		{3ED2FAB5-1099-4393-815E-6C5FE1DC8F29}.Release|x86.ActiveCfg = Release|Any CPU
		{3ED2FAB5-1099-4393-815E-6C5FE1DC8F29}.Release|x86.Build.0 = Release|Any CPU
		{A050D7FD-7E94-4B17-B98E-6371092FAE34}.Debug|Any CPU.ActiveCfg = Debug|Any CPU
		{A050D7FD-7E94-4B17-B98E-6371092FAE34}.Debug|Any CPU.Build.0 = Debug|Any CPU
		{A050D7FD-7E94-4B17-B98E-6371092FAE34}.Debug|x64.ActiveCfg = Debug|Any CPU
		{A050D7FD-7E94-4B17-B98E-6371092FAE34}.Debug|x64.Build.0 = Debug|Any CPU
		{A050D7FD-7E94-4B17-B98E-6371092FAE34}.Debug|x86.ActiveCfg = Debug|Any CPU
		{A050D7FD-7E94-4B17-B98E-6371092FAE34}.Debug|x86.Build.0 = Debug|Any CPU
		{A050D7FD-7E94-4B17-B98E-6371092FAE34}.Release|Any CPU.ActiveCfg = Release|Any CPU
		{A050D7FD-7E94-4B17-B98E-6371092FAE34}.Release|Any CPU.Build.0 = Release|Any CPU
		{A050D7FD-7E94-4B17-B98E-6371092FAE34}.Release|x64.ActiveCfg = Release|Any CPU
		{A050D7FD-7E94-4B17-B98E-6371092FAE34}.Release|x64.Build.0 = Release|Any CPU
		{A050D7FD-7E94-4B17-B98E-6371092FAE34}.Release|x86.ActiveCfg = Release|Any CPU
		{A050D7FD-7E94-4B17-B98E-6371092FAE34}.Release|x86.Build.0 = Release|Any CPU
		{AD8DB1B9-F461-4473-AC29-8D384A29BBA3}.Debug|Any CPU.ActiveCfg = Debug|Any CPU
		{AD8DB1B9-F461-4473-AC29-8D384A29BBA3}.Debug|Any CPU.Build.0 = Debug|Any CPU
		{AD8DB1B9-F461-4473-AC29-8D384A29BBA3}.Debug|x64.ActiveCfg = Debug|Any CPU
		{AD8DB1B9-F461-4473-AC29-8D384A29BBA3}.Debug|x64.Build.0 = Debug|Any CPU
		{AD8DB1B9-F461-4473-AC29-8D384A29BBA3}.Debug|x86.ActiveCfg = Debug|Any CPU
		{AD8DB1B9-F461-4473-AC29-8D384A29BBA3}.Debug|x86.Build.0 = Debug|Any CPU
		{AD8DB1B9-F461-4473-AC29-8D384A29BBA3}.Release|Any CPU.ActiveCfg = Release|Any CPU
		{AD8DB1B9-F461-4473-AC29-8D384A29BBA3}.Release|Any CPU.Build.0 = Release|Any CPU
		{AD8DB1B9-F461-4473-AC29-8D384A29BBA3}.Release|x64.ActiveCfg = Release|Any CPU
		{AD8DB1B9-F461-4473-AC29-8D384A29BBA3}.Release|x64.Build.0 = Release|Any CPU
		{AD8DB1B9-F461-4473-AC29-8D384A29BBA3}.Release|x86.ActiveCfg = Release|Any CPU
		{AD8DB1B9-F461-4473-AC29-8D384A29BBA3}.Release|x86.Build.0 = Release|Any CPU
		{41A6FDA1-4248-4724-84DC-6F3AE7359B97}.Debug|Any CPU.ActiveCfg = Debug|Any CPU
		{41A6FDA1-4248-4724-84DC-6F3AE7359B97}.Debug|Any CPU.Build.0 = Debug|Any CPU
		{41A6FDA1-4248-4724-84DC-6F3AE7359B97}.Debug|x64.ActiveCfg = Debug|Any CPU
		{41A6FDA1-4248-4724-84DC-6F3AE7359B97}.Debug|x64.Build.0 = Debug|Any CPU
		{41A6FDA1-4248-4724-84DC-6F3AE7359B97}.Debug|x86.ActiveCfg = Debug|Any CPU
		{41A6FDA1-4248-4724-84DC-6F3AE7359B97}.Debug|x86.Build.0 = Debug|Any CPU
		{41A6FDA1-4248-4724-84DC-6F3AE7359B97}.Release|Any CPU.ActiveCfg = Release|Any CPU
		{41A6FDA1-4248-4724-84DC-6F3AE7359B97}.Release|Any CPU.Build.0 = Release|Any CPU
		{41A6FDA1-4248-4724-84DC-6F3AE7359B97}.Release|x64.ActiveCfg = Release|Any CPU
		{41A6FDA1-4248-4724-84DC-6F3AE7359B97}.Release|x64.Build.0 = Release|Any CPU
		{41A6FDA1-4248-4724-84DC-6F3AE7359B97}.Release|x86.ActiveCfg = Release|Any CPU
		{41A6FDA1-4248-4724-84DC-6F3AE7359B97}.Release|x86.Build.0 = Release|Any CPU
		{C8788253-50E2-410D-8A29-5E791F29B28F}.Debug|Any CPU.ActiveCfg = Debug|Any CPU
		{C8788253-50E2-410D-8A29-5E791F29B28F}.Debug|Any CPU.Build.0 = Debug|Any CPU
		{C8788253-50E2-410D-8A29-5E791F29B28F}.Debug|x64.ActiveCfg = Debug|Any CPU
		{C8788253-50E2-410D-8A29-5E791F29B28F}.Debug|x64.Build.0 = Debug|Any CPU
		{C8788253-50E2-410D-8A29-5E791F29B28F}.Debug|x86.ActiveCfg = Debug|Any CPU
		{C8788253-50E2-410D-8A29-5E791F29B28F}.Debug|x86.Build.0 = Debug|Any CPU
		{C8788253-50E2-410D-8A29-5E791F29B28F}.Release|Any CPU.ActiveCfg = Release|Any CPU
		{C8788253-50E2-410D-8A29-5E791F29B28F}.Release|Any CPU.Build.0 = Release|Any CPU
		{C8788253-50E2-410D-8A29-5E791F29B28F}.Release|x64.ActiveCfg = Release|Any CPU
		{C8788253-50E2-410D-8A29-5E791F29B28F}.Release|x64.Build.0 = Release|Any CPU
		{C8788253-50E2-410D-8A29-5E791F29B28F}.Release|x86.ActiveCfg = Release|Any CPU
		{C8788253-50E2-410D-8A29-5E791F29B28F}.Release|x86.Build.0 = Release|Any CPU
		{4B52618E-2FDB-4CCE-973D-5F68350EDC8D}.Debug|Any CPU.ActiveCfg = Debug|Any CPU
		{4B52618E-2FDB-4CCE-973D-5F68350EDC8D}.Debug|Any CPU.Build.0 = Debug|Any CPU
		{4B52618E-2FDB-4CCE-973D-5F68350EDC8D}.Debug|x64.ActiveCfg = Debug|Any CPU
		{4B52618E-2FDB-4CCE-973D-5F68350EDC8D}.Debug|x64.Build.0 = Debug|Any CPU
		{4B52618E-2FDB-4CCE-973D-5F68350EDC8D}.Debug|x86.ActiveCfg = Debug|Any CPU
		{4B52618E-2FDB-4CCE-973D-5F68350EDC8D}.Debug|x86.Build.0 = Debug|Any CPU
		{4B52618E-2FDB-4CCE-973D-5F68350EDC8D}.Release|Any CPU.ActiveCfg = Release|Any CPU
		{4B52618E-2FDB-4CCE-973D-5F68350EDC8D}.Release|Any CPU.Build.0 = Release|Any CPU
		{4B52618E-2FDB-4CCE-973D-5F68350EDC8D}.Release|x64.ActiveCfg = Release|Any CPU
		{4B52618E-2FDB-4CCE-973D-5F68350EDC8D}.Release|x64.Build.0 = Release|Any CPU
		{4B52618E-2FDB-4CCE-973D-5F68350EDC8D}.Release|x86.ActiveCfg = Release|Any CPU
		{4B52618E-2FDB-4CCE-973D-5F68350EDC8D}.Release|x86.Build.0 = Release|Any CPU
		{AFCEB1BC-6335-4736-86FB-F7342B8D47FA}.Debug|Any CPU.ActiveCfg = Debug|Any CPU
		{AFCEB1BC-6335-4736-86FB-F7342B8D47FA}.Debug|Any CPU.Build.0 = Debug|Any CPU
		{AFCEB1BC-6335-4736-86FB-F7342B8D47FA}.Debug|x64.ActiveCfg = Debug|Any CPU
		{AFCEB1BC-6335-4736-86FB-F7342B8D47FA}.Debug|x64.Build.0 = Debug|Any CPU
		{AFCEB1BC-6335-4736-86FB-F7342B8D47FA}.Debug|x86.ActiveCfg = Debug|Any CPU
		{AFCEB1BC-6335-4736-86FB-F7342B8D47FA}.Debug|x86.Build.0 = Debug|Any CPU
		{AFCEB1BC-6335-4736-86FB-F7342B8D47FA}.Release|Any CPU.ActiveCfg = Release|Any CPU
		{AFCEB1BC-6335-4736-86FB-F7342B8D47FA}.Release|Any CPU.Build.0 = Release|Any CPU
		{AFCEB1BC-6335-4736-86FB-F7342B8D47FA}.Release|x64.ActiveCfg = Release|Any CPU
		{AFCEB1BC-6335-4736-86FB-F7342B8D47FA}.Release|x64.Build.0 = Release|Any CPU
		{AFCEB1BC-6335-4736-86FB-F7342B8D47FA}.Release|x86.ActiveCfg = Release|Any CPU
		{AFCEB1BC-6335-4736-86FB-F7342B8D47FA}.Release|x86.Build.0 = Release|Any CPU
		{9DC4517B-8F09-4B17-AE57-AF5B72F79B2C}.Debug|Any CPU.ActiveCfg = Debug|Any CPU
		{9DC4517B-8F09-4B17-AE57-AF5B72F79B2C}.Debug|Any CPU.Build.0 = Debug|Any CPU
		{9DC4517B-8F09-4B17-AE57-AF5B72F79B2C}.Debug|x64.ActiveCfg = Debug|Any CPU
		{9DC4517B-8F09-4B17-AE57-AF5B72F79B2C}.Debug|x64.Build.0 = Debug|Any CPU
		{9DC4517B-8F09-4B17-AE57-AF5B72F79B2C}.Debug|x86.ActiveCfg = Debug|Any CPU
		{9DC4517B-8F09-4B17-AE57-AF5B72F79B2C}.Debug|x86.Build.0 = Debug|Any CPU
		{9DC4517B-8F09-4B17-AE57-AF5B72F79B2C}.Release|Any CPU.ActiveCfg = Release|Any CPU
		{9DC4517B-8F09-4B17-AE57-AF5B72F79B2C}.Release|Any CPU.Build.0 = Release|Any CPU
		{9DC4517B-8F09-4B17-AE57-AF5B72F79B2C}.Release|x64.ActiveCfg = Release|Any CPU
		{9DC4517B-8F09-4B17-AE57-AF5B72F79B2C}.Release|x64.Build.0 = Release|Any CPU
		{9DC4517B-8F09-4B17-AE57-AF5B72F79B2C}.Release|x86.ActiveCfg = Release|Any CPU
		{9DC4517B-8F09-4B17-AE57-AF5B72F79B2C}.Release|x86.Build.0 = Release|Any CPU
		{1E8B6C00-0875-46F0-97B8-AC5C78438CED}.Debug|Any CPU.ActiveCfg = Debug|Any CPU
		{1E8B6C00-0875-46F0-97B8-AC5C78438CED}.Debug|Any CPU.Build.0 = Debug|Any CPU
		{1E8B6C00-0875-46F0-97B8-AC5C78438CED}.Debug|x64.ActiveCfg = Debug|Any CPU
		{1E8B6C00-0875-46F0-97B8-AC5C78438CED}.Debug|x64.Build.0 = Debug|Any CPU
		{1E8B6C00-0875-46F0-97B8-AC5C78438CED}.Debug|x86.ActiveCfg = Debug|Any CPU
		{1E8B6C00-0875-46F0-97B8-AC5C78438CED}.Debug|x86.Build.0 = Debug|Any CPU
		{1E8B6C00-0875-46F0-97B8-AC5C78438CED}.Release|Any CPU.ActiveCfg = Release|Any CPU
		{1E8B6C00-0875-46F0-97B8-AC5C78438CED}.Release|Any CPU.Build.0 = Release|Any CPU
		{1E8B6C00-0875-46F0-97B8-AC5C78438CED}.Release|x64.ActiveCfg = Release|Any CPU
		{1E8B6C00-0875-46F0-97B8-AC5C78438CED}.Release|x64.Build.0 = Release|Any CPU
		{1E8B6C00-0875-46F0-97B8-AC5C78438CED}.Release|x86.ActiveCfg = Release|Any CPU
		{1E8B6C00-0875-46F0-97B8-AC5C78438CED}.Release|x86.Build.0 = Release|Any CPU
		{9F17F08C-ED5C-4E69-BB15-CF1D5FAF20A6}.Debug|Any CPU.ActiveCfg = Debug|Any CPU
		{9F17F08C-ED5C-4E69-BB15-CF1D5FAF20A6}.Debug|Any CPU.Build.0 = Debug|Any CPU
		{9F17F08C-ED5C-4E69-BB15-CF1D5FAF20A6}.Debug|x64.ActiveCfg = Debug|Any CPU
		{9F17F08C-ED5C-4E69-BB15-CF1D5FAF20A6}.Debug|x64.Build.0 = Debug|Any CPU
		{9F17F08C-ED5C-4E69-BB15-CF1D5FAF20A6}.Debug|x86.ActiveCfg = Debug|Any CPU
		{9F17F08C-ED5C-4E69-BB15-CF1D5FAF20A6}.Debug|x86.Build.0 = Debug|Any CPU
		{9F17F08C-ED5C-4E69-BB15-CF1D5FAF20A6}.Release|Any CPU.ActiveCfg = Release|Any CPU
		{9F17F08C-ED5C-4E69-BB15-CF1D5FAF20A6}.Release|Any CPU.Build.0 = Release|Any CPU
		{9F17F08C-ED5C-4E69-BB15-CF1D5FAF20A6}.Release|x64.ActiveCfg = Release|Any CPU
		{9F17F08C-ED5C-4E69-BB15-CF1D5FAF20A6}.Release|x64.Build.0 = Release|Any CPU
		{9F17F08C-ED5C-4E69-BB15-CF1D5FAF20A6}.Release|x86.ActiveCfg = Release|Any CPU
		{9F17F08C-ED5C-4E69-BB15-CF1D5FAF20A6}.Release|x86.Build.0 = Release|Any CPU
		{65A77A47-74B7-46AA-B25D-970B32E1E0C7}.Debug|Any CPU.ActiveCfg = Debug|Any CPU
		{65A77A47-74B7-46AA-B25D-970B32E1E0C7}.Debug|Any CPU.Build.0 = Debug|Any CPU
		{65A77A47-74B7-46AA-B25D-970B32E1E0C7}.Debug|x64.ActiveCfg = Debug|Any CPU
		{65A77A47-74B7-46AA-B25D-970B32E1E0C7}.Debug|x64.Build.0 = Debug|Any CPU
		{65A77A47-74B7-46AA-B25D-970B32E1E0C7}.Debug|x86.ActiveCfg = Debug|Any CPU
		{65A77A47-74B7-46AA-B25D-970B32E1E0C7}.Debug|x86.Build.0 = Debug|Any CPU
		{65A77A47-74B7-46AA-B25D-970B32E1E0C7}.Release|Any CPU.ActiveCfg = Release|Any CPU
		{65A77A47-74B7-46AA-B25D-970B32E1E0C7}.Release|Any CPU.Build.0 = Release|Any CPU
		{65A77A47-74B7-46AA-B25D-970B32E1E0C7}.Release|x64.ActiveCfg = Release|Any CPU
		{65A77A47-74B7-46AA-B25D-970B32E1E0C7}.Release|x64.Build.0 = Release|Any CPU
		{65A77A47-74B7-46AA-B25D-970B32E1E0C7}.Release|x86.ActiveCfg = Release|Any CPU
		{65A77A47-74B7-46AA-B25D-970B32E1E0C7}.Release|x86.Build.0 = Release|Any CPU
	EndGlobalSection
	GlobalSection(SolutionProperties) = preSolution
		HideSolutionNode = FALSE
	EndGlobalSection
	GlobalSection(ExtensibilityGlobals) = postSolution
		SolutionGuid = {B433ECEB-1493-41AD-9514-F6A2C9B08A9B}
	EndGlobalSection
EndGlobal
